
Microsoft Visual Studio Solution File, Format Version 12.00
# Visual Studio Version 17
VisualStudioVersion = 17.6.33829.357
MinimumVisualStudioVersion = 10.0.40219.1
Project("{9A19103F-16F7-4668-BE54-9A1E7A4F7556}") = "PromptEvolution", "PromptEvolution.Translator\PromptEvolution.csproj", "{56AE2C72-B3C2-42C3-ACF8-6CD8DFE071DA}"
EndProject
Project("{9A19103F-16F7-4668-BE54-9A1E7A4F7556}") = "PromptEvolution.Tests", "PromptEvolution.Tests\PromptEvolution.Tests.csproj", "{FC84EF3C-6CDC-456D-B2F9-E80EA214A98D}"
EndProject
Global
	GlobalSection(SolutionConfigurationPlatforms) = preSolution
		Debug|Any CPU = Debug|Any CPU
		Release|Any CPU = Release|Any CPU
	EndGlobalSection
	GlobalSection(ProjectConfigurationPlatforms) = postSolution
		{56AE2C72-B3C2-42C3-ACF8-6CD8DFE071DA}.Debug|Any CPU.ActiveCfg = Debug|Any CPU
		{56AE2C72-B3C2-42C3-ACF8-6CD8DFE071DA}.Debug|Any CPU.Build.0 = Debug|Any CPU
		{56AE2C72-B3C2-42C3-ACF8-6CD8DFE071DA}.Release|Any CPU.ActiveCfg = Release|Any CPU
		{56AE2C72-B3C2-42C3-ACF8-6CD8DFE071DA}.Release|Any CPU.Build.0 = Release|Any CPU
		{FC84EF3C-6CDC-456D-B2F9-E80EA214A98D}.Debug|Any CPU.ActiveCfg = Debug|Any CPU
		{FC84EF3C-6CDC-456D-B2F9-E80EA214A98D}.Debug|Any CPU.Build.0 = Debug|Any CPU
		{FC84EF3C-6CDC-456D-B2F9-E80EA214A98D}.Release|Any CPU.ActiveCfg = Release|Any CPU
		{FC84EF3C-6CDC-456D-B2F9-E80EA214A98D}.Release|Any CPU.Build.0 = Release|Any CPU
	EndGlobalSection
	GlobalSection(SolutionProperties) = preSolution
		HideSolutionNode = FALSE
	EndGlobalSection
	GlobalSection(ExtensibilityGlobals) = postSolution
		SolutionGuid = {E6046966-DFEB-4BB6-A4F5-3A9D715DD2C2}
	EndGlobalSection
EndGlobal
